
Microsoft Visual Studio Solution File, Format Version 12.00
# Visual Studio 15
VisualStudioVersion = 15.0.28307.1082
MinimumVisualStudioVersion = 10.0.40219.1
Project("{FAE04EC0-301F-11D3-BF4B-00C04F79EFBC}") = "ClassMetotDemo", "ClassMetotDemo\ClassMetotDemo.csproj", "{BACADDCA-C64D-44AE-94C1-7FB16803956A}"
EndProject
Global
	GlobalSection(SolutionConfigurationPlatforms) = preSolution
		Debug|Any CPU = Debug|Any CPU
		Release|Any CPU = Release|Any CPU
	EndGlobalSection
	GlobalSection(ProjectConfigurationPlatforms) = postSolution
		{BACADDCA-C64D-44AE-94C1-7FB16803956A}.Debug|Any CPU.ActiveCfg = Debug|Any CPU
		{BACADDCA-C64D-44AE-94C1-7FB16803956A}.Debug|Any CPU.Build.0 = Debug|Any CPU
		{BACADDCA-C64D-44AE-94C1-7FB16803956A}.Release|Any CPU.ActiveCfg = Release|Any CPU
		{BACADDCA-C64D-44AE-94C1-7FB16803956A}.Release|Any CPU.Build.0 = Release|Any CPU
	EndGlobalSection
	GlobalSection(SolutionProperties) = preSolution
		HideSolutionNode = FALSE
	EndGlobalSection
	GlobalSection(ExtensibilityGlobals) = postSolution
		SolutionGuid = {EC94FBC0-56EA-491A-B8A8-AE3F120C31B4}
	EndGlobalSection
EndGlobal
